
Microsoft Visual Studio Solution File, Format Version 12.00
# Visual Studio Version 17
VisualStudioVersion = 17.10.34916.146
MinimumVisualStudioVersion = 10.0.40219.1
Project("{FAE04EC0-301F-11D3-BF4B-00C04F79EFBC}") = "SciQuery", "SciQuery\SciQuery.csproj", "{A4748A04-1C8D-4D4C-AF68-BE43E58C39EB}"
EndProject
Project("{FAE04EC0-301F-11D3-BF4B-00C04F79EFBC}") = "SciQuery.Domain", "SciQuery.Domain\SciQuery.Domain.csproj", "{146BAB68-78B9-4089-B329-517FE74518E5}"
EndProject
Project("{FAE04EC0-301F-11D3-BF4B-00C04F79EFBC}") = "SciQuery.Infrastructure", "SciQuery.Infrastructure\SciQuery.Infrastructure.csproj", "{C51B4999-DBED-4D3B-B32C-194624AA0162}"
EndProject
Project("{FAE04EC0-301F-11D3-BF4B-00C04F79EFBC}") = "SciQuery.Service", "SciQuery.Service\SciQuery.Service.csproj", "{E35E5542-2757-43F3-AC55-D97FFD224889}"
EndProject
Global
	GlobalSection(SolutionConfigurationPlatforms) = preSolution
		Debug|Any CPU = Debug|Any CPU
		Release|Any CPU = Release|Any CPU
	EndGlobalSection
	GlobalSection(ProjectConfigurationPlatforms) = postSolution
		{A4748A04-1C8D-4D4C-AF68-BE43E58C39EB}.Debug|Any CPU.ActiveCfg = Debug|Any CPU
		{A4748A04-1C8D-4D4C-AF68-BE43E58C39EB}.Debug|Any CPU.Build.0 = Debug|Any CPU
		{A4748A04-1C8D-4D4C-AF68-BE43E58C39EB}.Release|Any CPU.ActiveCfg = Release|Any CPU
		{A4748A04-1C8D-4D4C-AF68-BE43E58C39EB}.Release|Any CPU.Build.0 = Release|Any CPU
		{146BAB68-78B9-4089-B329-517FE74518E5}.Debug|Any CPU.ActiveCfg = Debug|Any CPU
		{146BAB68-78B9-4089-B329-517FE74518E5}.Debug|Any CPU.Build.0 = Debug|Any CPU
		{146BAB68-78B9-4089-B329-517FE74518E5}.Release|Any CPU.ActiveCfg = Release|Any CPU
		{146BAB68-78B9-4089-B329-517FE74518E5}.Release|Any CPU.Build.0 = Release|Any CPU
		{C51B4999-DBED-4D3B-B32C-194624AA0162}.Debug|Any CPU.ActiveCfg = Debug|Any CPU
		{C51B4999-DBED-4D3B-B32C-194624AA0162}.Debug|Any CPU.Build.0 = Debug|Any CPU
		{C51B4999-DBED-4D3B-B32C-194624AA0162}.Release|Any CPU.ActiveCfg = Release|Any CPU
		{C51B4999-DBED-4D3B-B32C-194624AA0162}.Release|Any CPU.Build.0 = Release|Any CPU
		{E35E5542-2757-43F3-AC55-D97FFD224889}.Debug|Any CPU.ActiveCfg = Debug|Any CPU
		{E35E5542-2757-43F3-AC55-D97FFD224889}.Debug|Any CPU.Build.0 = Debug|Any CPU
		{E35E5542-2757-43F3-AC55-D97FFD224889}.Release|Any CPU.ActiveCfg = Release|Any CPU
		{E35E5542-2757-43F3-AC55-D97FFD224889}.Release|Any CPU.Build.0 = Release|Any CPU
	EndGlobalSection
	GlobalSection(SolutionProperties) = preSolution
		HideSolutionNode = FALSE
	EndGlobalSection
	GlobalSection(ExtensibilityGlobals) = postSolution
		SolutionGuid = {0068AFD2-23D7-4EF8-AF1C-0C7FDC6A2C5C}
	EndGlobalSection
EndGlobal
